
Microsoft Visual Studio Solution File, Format Version 12.00
# Visual Studio Version 17
VisualStudioVersion = 17.0.31903.59
MinimumVisualStudioVersion = 10.0.40219.1
Project("{2150E333-8FDC-42A3-9474-1A3956D46DE8}") = "src", "src", "{827E0CD3-B72D-47B6-A68D-7590B98EB39B}"
EndProject
Project("{2150E333-8FDC-42A3-9474-1A3956D46DE8}") = "Services", "Services", "{984BB9B3-3FA3-BE33-9484-CAC21695A33C}"
EndProject
Project("{2150E333-8FDC-42A3-9474-1A3956D46DE8}") = "Inventory", "Inventory", "{CA15E31E-CB60-F235-5CDF-2E527A86A72C}"
EndProject
Project("{FAE04EC0-301F-11D3-BF4B-00C04F79EFBC}") = "Inventory.Api", "src\Services\Inventory\Inventory.Api\Inventory.Api.csproj", "{A41C611A-A4DD-481C-9095-6834F43FE50B}"
EndProject
Project("{FAE04EC0-301F-11D3-BF4B-00C04F79EFBC}") = "Inventory.Application", "src\Services\Inventory\Inventory.Application\Inventory.Application.csproj", "{4160A092-A558-4C08-857E-CF119418FDF3}"
EndProject
Project("{FAE04EC0-301F-11D3-BF4B-00C04F79EFBC}") = "Inventory.Domain", "src\Services\Inventory\Inventory.Domain\Inventory.Domain.csproj", "{9A966E40-45F1-420B-90B6-51AEFBF43FA9}"
EndProject
Project("{FAE04EC0-301F-11D3-BF4B-00C04F79EFBC}") = "Inventory.Infrastructure", "src\Services\Inventory\Inventory.Infrastructure\Inventory.Infrastructure.csproj", "{3C1F6526-8929-405C-8A4A-C4746A767506}"
EndProject
Project("{2150E333-8FDC-42A3-9474-1A3956D46DE8}") = "Billing", "Billing", "{4C902802-2FC6-EF27-4074-A21717AF62F0}"
EndProject
Project("{FAE04EC0-301F-11D3-BF4B-00C04F79EFBC}") = "Billing.Api", "src\Services\Billing\Billing.Api\Billing.Api.csproj", "{23E1551D-F29D-4A6D-9F5C-18648F427CF4}"
EndProject
Project("{FAE04EC0-301F-11D3-BF4B-00C04F79EFBC}") = "Billing.Application", "src\Services\Billing\Billing.Application\Billing.Application.csproj", "{D6C9E00A-48C6-41C3-B82E-B93D55870659}"
EndProject
Project("{FAE04EC0-301F-11D3-BF4B-00C04F79EFBC}") = "Billing.Domain", "src\Services\Billing\Billing.Domain\Billing.Domain.csproj", "{EFEBF7B6-4A47-4100-9FF7-7BFF0C406218}"
EndProject
Project("{FAE04EC0-301F-11D3-BF4B-00C04F79EFBC}") = "Billing.Infrastructure", "src\Services\Billing\Billing.Infrastructure\Billing.Infrastructure.csproj", "{E45C4615-AA5A-4AED-BEB1-315C4072231D}"
EndProject
Global
	GlobalSection(SolutionConfigurationPlatforms) = preSolution
		Debug|Any CPU = Debug|Any CPU
		Debug|x64 = Debug|x64
		Debug|x86 = Debug|x86
		Release|Any CPU = Release|Any CPU
		Release|x64 = Release|x64
		Release|x86 = Release|x86
	EndGlobalSection
	GlobalSection(ProjectConfigurationPlatforms) = postSolution
		{A41C611A-A4DD-481C-9095-6834F43FE50B}.Debug|Any CPU.ActiveCfg = Debug|Any CPU
		{A41C611A-A4DD-481C-9095-6834F43FE50B}.Debug|Any CPU.Build.0 = Debug|Any CPU
		{A41C611A-A4DD-481C-9095-6834F43FE50B}.Debug|x64.ActiveCfg = Debug|Any CPU
		{A41C611A-A4DD-481C-9095-6834F43FE50B}.Debug|x64.Build.0 = Debug|Any CPU
		{A41C611A-A4DD-481C-9095-6834F43FE50B}.Debug|x86.ActiveCfg = Debug|Any CPU
		{A41C611A-A4DD-481C-9095-6834F43FE50B}.Debug|x86.Build.0 = Debug|Any CPU
		{A41C611A-A4DD-481C-9095-6834F43FE50B}.Release|Any CPU.ActiveCfg = Release|Any CPU
		{A41C611A-A4DD-481C-9095-6834F43FE50B}.Release|Any CPU.Build.0 = Release|Any CPU
		{A41C611A-A4DD-481C-9095-6834F43FE50B}.Release|x64.ActiveCfg = Release|Any CPU
		{A41C611A-A4DD-481C-9095-6834F43FE50B}.Release|x64.Build.0 = Release|Any CPU
		{A41C611A-A4DD-481C-9095-6834F43FE50B}.Release|x86.ActiveCfg = Release|Any CPU
		{A41C611A-A4DD-481C-9095-6834F43FE50B}.Release|x86.Build.0 = Release|Any CPU
		{4160A092-A558-4C08-857E-CF119418FDF3}.Debug|Any CPU.ActiveCfg = Debug|Any CPU
		{4160A092-A558-4C08-857E-CF119418FDF3}.Debug|Any CPU.Build.0 = Debug|Any CPU
		{4160A092-A558-4C08-857E-CF119418FDF3}.Debug|x64.ActiveCfg = Debug|Any CPU
		{4160A092-A558-4C08-857E-CF119418FDF3}.Debug|x64.Build.0 = Debug|Any CPU
		{4160A092-A558-4C08-857E-CF119418FDF3}.Debug|x86.ActiveCfg = Debug|Any CPU
		{4160A092-A558-4C08-857E-CF119418FDF3}.Debug|x86.Build.0 = Debug|Any CPU
		{4160A092-A558-4C08-857E-CF119418FDF3}.Release|Any CPU.ActiveCfg = Release|Any CPU
		{4160A092-A558-4C08-857E-CF119418FDF3}.Release|Any CPU.Build.0 = Release|Any CPU
		{4160A092-A558-4C08-857E-CF119418FDF3}.Release|x64.ActiveCfg = Release|Any CPU
		{4160A092-A558-4C08-857E-CF119418FDF3}.Release|x64.Build.0 = Release|Any CPU
		{4160A092-A558-4C08-857E-CF119418FDF3}.Release|x86.ActiveCfg = Release|Any CPU
		{4160A092-A558-4C08-857E-CF119418FDF3}.Release|x86.Build.0 = Release|Any CPU
		{9A966E40-45F1-420B-90B6-51AEFBF43FA9}.Debug|Any CPU.ActiveCfg = Debug|Any CPU
		{9A966E40-45F1-420B-90B6-51AEFBF43FA9}.Debug|Any CPU.Build.0 = Debug|Any CPU
		{9A966E40-45F1-420B-90B6-51AEFBF43FA9}.Debug|x64.ActiveCfg = Debug|Any CPU
		{9A966E40-45F1-420B-90B6-51AEFBF43FA9}.Debug|x64.Build.0 = Debug|Any CPU
		{9A966E40-45F1-420B-90B6-51AEFBF43FA9}.Debug|x86.ActiveCfg = Debug|Any CPU
		{9A966E40-45F1-420B-90B6-51AEFBF43FA9}.Debug|x86.Build.0 = Debug|Any CPU
		{9A966E40-45F1-420B-90B6-51AEFBF43FA9}.Release|Any CPU.ActiveCfg = Release|Any CPU
		{9A966E40-45F1-420B-90B6-51AEFBF43FA9}.Release|Any CPU.Build.0 = Release|Any CPU
		{9A966E40-45F1-420B-90B6-51AEFBF43FA9}.Release|x64.ActiveCfg = Release|Any CPU
		{9A966E40-45F1-420B-90B6-51AEFBF43FA9}.Release|x64.Build.0 = Release|Any CPU
		{9A966E40-45F1-420B-90B6-51AEFBF43FA9}.Release|x86.ActiveCfg = Release|Any CPU
		{9A966E40-45F1-420B-90B6-51AEFBF43FA9}.Release|x86.Build.0 = Release|Any CPU
		{3C1F6526-8929-405C-8A4A-C4746A767506}.Debug|Any CPU.ActiveCfg = Debug|Any CPU
		{3C1F6526-8929-405C-8A4A-C4746A767506}.Debug|Any CPU.Build.0 = Debug|Any CPU
		{3C1F6526-8929-405C-8A4A-C4746A767506}.Debug|x64.ActiveCfg = Debug|Any CPU
		{3C1F6526-8929-405C-8A4A-C4746A767506}.Debug|x64.Build.0 = Debug|Any CPU
		{3C1F6526-8929-405C-8A4A-C4746A767506}.Debug|x86.ActiveCfg = Debug|Any CPU
		{3C1F6526-8929-405C-8A4A-C4746A767506}.Debug|x86.Build.0 = Debug|Any CPU
		{3C1F6526-8929-405C-8A4A-C4746A767506}.Release|Any CPU.ActiveCfg = Release|Any CPU
		{3C1F6526-8929-405C-8A4A-C4746A767506}.Release|Any CPU.Build.0 = Release|Any CPU
		{3C1F6526-8929-405C-8A4A-C4746A767506}.Release|x64.ActiveCfg = Release|Any CPU
		{3C1F6526-8929-405C-8A4A-C4746A767506}.Release|x64.Build.0 = Release|Any CPU
		{3C1F6526-8929-405C-8A4A-C4746A767506}.Release|x86.ActiveCfg = Release|Any CPU
		{3C1F6526-8929-405C-8A4A-C4746A767506}.Release|x86.Build.0 = Release|Any CPU
		{23E1551D-F29D-4A6D-9F5C-18648F427CF4}.Debug|Any CPU.ActiveCfg = Debug|Any CPU
		{23E1551D-F29D-4A6D-9F5C-18648F427CF4}.Debug|Any CPU.Build.0 = Debug|Any CPU
		{23E1551D-F29D-4A6D-9F5C-18648F427CF4}.Debug|x64.ActiveCfg = Debug|Any CPU
		{23E1551D-F29D-4A6D-9F5C-18648F427CF4}.Debug|x64.Build.0 = Debug|Any CPU
		{23E1551D-F29D-4A6D-9F5C-18648F427CF4}.Debug|x86.ActiveCfg = Debug|Any CPU
		{23E1551D-F29D-4A6D-9F5C-18648F427CF4}.Debug|x86.Build.0 = Debug|Any CPU
		{23E1551D-F29D-4A6D-9F5C-18648F427CF4}.Release|Any CPU.ActiveCfg = Release|Any CPU
		{23E1551D-F29D-4A6D-9F5C-18648F427CF4}.Release|Any CPU.Build.0 = Release|Any CPU
		{23E1551D-F29D-4A6D-9F5C-18648F427CF4}.Release|x64.ActiveCfg = Release|Any CPU
		{23E1551D-F29D-4A6D-9F5C-18648F427CF4}.Release|x64.Build.0 = Release|Any CPU
		{23E1551D-F29D-4A6D-9F5C-18648F427CF4}.Release|x86.ActiveCfg = Release|Any CPU
		{23E1551D-F29D-4A6D-9F5C-18648F427CF4}.Release|x86.Build.0 = Release|Any CPU
		{D6C9E00A-48C6-41C3-B82E-B93D55870659}.Debug|Any CPU.ActiveCfg = Debug|Any CPU
		{D6C9E00A-48C6-41C3-B82E-B93D55870659}.Debug|Any CPU.Build.0 = Debug|Any CPU
		{D6C9E00A-48C6-41C3-B82E-B93D55870659}.Debug|x64.ActiveCfg = Debug|Any CPU
		{D6C9E00A-48C6-41C3-B82E-B93D55870659}.Debug|x64.Build.0 = Debug|Any CPU
		{D6C9E00A-48C6-41C3-B82E-B93D55870659}.Debug|x86.ActiveCfg = Debug|Any CPU
		{D6C9E00A-48C6-41C3-B82E-B93D55870659}.Debug|x86.Build.0 = Debug|Any CPU
		{D6C9E00A-48C6-41C3-B82E-B93D55870659}.Release|Any CPU.ActiveCfg = Release|Any CPU
		{D6C9E00A-48C6-41C3-B82E-B93D55870659}.Release|Any CPU.Build.0 = Release|Any CPU
		{D6C9E00A-48C6-41C3-B82E-B93D55870659}.Release|x64.ActiveCfg = Release|Any CPU
		{D6C9E00A-48C6-41C3-B82E-B93D55870659}.Release|x64.Build.0 = Release|Any CPU
		{D6C9E00A-48C6-41C3-B82E-B93D55870659}.Release|x86.ActiveCfg = Release|Any CPU
		{D6C9E00A-48C6-41C3-B82E-B93D55870659}.Release|x86.Build.0 = Release|Any CPU
		{EFEBF7B6-4A47-4100-9FF7-7BFF0C406218}.Debug|Any CPU.ActiveCfg = Debug|Any CPU
		{EFEBF7B6-4A47-4100-9FF7-7BFF0C406218}.Debug|Any CPU.Build.0 = Debug|Any CPU
		{EFEBF7B6-4A47-4100-9FF7-7BFF0C406218}.Debug|x64.ActiveCfg = Debug|Any CPU
		{EFEBF7B6-4A47-4100-9FF7-7BFF0C406218}.Debug|x64.Build.0 = Debug|Any CPU
		{EFEBF7B6-4A47-4100-9FF7-7BFF0C406218}.Debug|x86.ActiveCfg = Debug|Any CPU
		{EFEBF7B6-4A47-4100-9FF7-7BFF0C406218}.Debug|x86.Build.0 = Debug|Any CPU
		{EFEBF7B6-4A47-4100-9FF7-7BFF0C406218}.Release|Any CPU.ActiveCfg = Release|Any CPU
		{EFEBF7B6-4A47-4100-9FF7-7BFF0C406218}.Release|Any CPU.Build.0 = Release|Any CPU
		{EFEBF7B6-4A47-4100-9FF7-7BFF0C406218}.Release|x64.ActiveCfg = Release|Any CPU
		{EFEBF7B6-4A47-4100-9FF7-7BFF0C406218}.Release|x64.Build.0 = Release|Any CPU
		{EFEBF7B6-4A47-4100-9FF7-7BFF0C406218}.Release|x86.ActiveCfg = Release|Any CPU
		{EFEBF7B6-4A47-4100-9FF7-7BFF0C406218}.Release|x86.Build.0 = Release|Any CPU
		{E45C4615-AA5A-4AED-BEB1-315C4072231D}.Debug|Any CPU.ActiveCfg = Debug|Any CPU
		{E45C4615-AA5A-4AED-BEB1-315C4072231D}.Debug|Any CPU.Build.0 = Debug|Any CPU
		{E45C4615-AA5A-4AED-BEB1-315C4072231D}.Debug|x64.ActiveCfg = Debug|Any CPU
		{E45C4615-AA5A-4AED-BEB1-315C4072231D}.Debug|x64.Build.0 = Debug|Any CPU
		{E45C4615-AA5A-4AED-BEB1-315C4072231D}.Debug|x86.ActiveCfg = Debug|Any CPU
		{E45C4615-AA5A-4AED-BEB1-315C4072231D}.Debug|x86.Build.0 = Debug|Any CPU
		{E45C4615-AA5A-4AED-BEB1-315C4072231D}.Release|Any CPU.ActiveCfg = Release|Any CPU
		{E45C4615-AA5A-4AED-BEB1-315C4072231D}.Release|Any CPU.Build.0 = Release|Any CPU
		{E45C4615-AA5A-4AED-BEB1-315C4072231D}.Release|x64.ActiveCfg = Release|Any CPU
		{E45C4615-AA5A-4AED-BEB1-315C4072231D}.Release|x64.Build.0 = Release|Any CPU
		{E45C4615-AA5A-4AED-BEB1-315C4072231D}.Release|x86.ActiveCfg = Release|Any CPU
		{E45C4615-AA5A-4AED-BEB1-315C4072231D}.Release|x86.Build.0 = Release|Any CPU
	EndGlobalSection
	GlobalSection(SolutionProperties) = preSolution
		HideSolutionNode = FALSE
	EndGlobalSection
	GlobalSection(NestedProjects) = preSolution
		{984BB9B3-3FA3-BE33-9484-CAC21695A33C} = {827E0CD3-B72D-47B6-A68D-7590B98EB39B}
		{CA15E31E-CB60-F235-5CDF-2E527A86A72C} = {984BB9B3-3FA3-BE33-9484-CAC21695A33C}
		{A41C611A-A4DD-481C-9095-6834F43FE50B} = {CA15E31E-CB60-F235-5CDF-2E527A86A72C}
		{4160A092-A558-4C08-857E-CF119418FDF3} = {CA15E31E-CB60-F235-5CDF-2E527A86A72C}
		{9A966E40-45F1-420B-90B6-51AEFBF43FA9} = {CA15E31E-CB60-F235-5CDF-2E527A86A72C}
		{3C1F6526-8929-405C-8A4A-C4746A767506} = {CA15E31E-CB60-F235-5CDF-2E527A86A72C}
		{4C902802-2FC6-EF27-4074-A21717AF62F0} = {984BB9B3-3FA3-BE33-9484-CAC21695A33C}
		{23E1551D-F29D-4A6D-9F5C-18648F427CF4} = {4C902802-2FC6-EF27-4074-A21717AF62F0}
		{D6C9E00A-48C6-41C3-B82E-B93D55870659} = {4C902802-2FC6-EF27-4074-A21717AF62F0}
		{EFEBF7B6-4A47-4100-9FF7-7BFF0C406218} = {4C902802-2FC6-EF27-4074-A21717AF62F0}
		{E45C4615-AA5A-4AED-BEB1-315C4072231D} = {4C902802-2FC6-EF27-4074-A21717AF62F0}
	EndGlobalSection
EndGlobal
